
Microsoft Visual Studio Solution File, Format Version 12.00
# Visual Studio Version 16
VisualStudioVersion = 16.0.31321.278
MinimumVisualStudioVersion = 10.0.40219.1
Project("{FAE04EC0-301F-11D3-BF4B-00C04F79EFBC}") = "InAndOut", "InAndOut.csproj", "{A55D9439-45FE-4C7D-8E65-9AEEC84135BE}"
EndProject
Global
	GlobalSection(SolutionConfigurationPlatforms) = preSolution
		Debug|Any CPU = Debug|Any CPU
		Release|Any CPU = Release|Any CPU
	EndGlobalSection
	GlobalSection(ProjectConfigurationPlatforms) = postSolution
		{A55D9439-45FE-4C7D-8E65-9AEEC84135BE}.Debug|Any CPU.ActiveCfg = Debug|Any CPU
		{A55D9439-45FE-4C7D-8E65-9AEEC84135BE}.Debug|Any CPU.Build.0 = Debug|Any CPU
		{A55D9439-45FE-4C7D-8E65-9AEEC84135BE}.Release|Any CPU.ActiveCfg = Release|Any CPU
		{A55D9439-45FE-4C7D-8E65-9AEEC84135BE}.Release|Any CPU.Build.0 = Release|Any CPU
	EndGlobalSection
	GlobalSection(SolutionProperties) = preSolution
		HideSolutionNode = FALSE
	EndGlobalSection
	GlobalSection(ExtensibilityGlobals) = postSolution
		SolutionGuid = {FE49462B-E5C2-4FBE-8269-D4863F11C9BB}
	EndGlobalSection
EndGlobal
